
Microsoft Visual Studio Solution File, Format Version 12.00
# Visual Studio Version 17
VisualStudioVersion = 17.0.31521.260
MinimumVisualStudioVersion = 10.0.40219.1
Project("{9A19103F-16F7-4668-BE54-9A1E7A4F7556}") = "DevEdu.Tests", "DevEdu.Tests\DevEdu.Tests.csproj", "{DD45C6FC-DA78-4515-961E-9E73BD36B372}"
EndProject
Project("{FAE04EC0-301F-11D3-BF4B-00C04F79EFBC}") = "DevEdu.Core", "DevEdu.Core\DevEdu.Core.csproj", "{453DA9FC-05CB-4883-8662-32862D1AAB36}"
EndProject
Global
	GlobalSection(SolutionConfigurationPlatforms) = preSolution
		Debug|Any CPU = Debug|Any CPU
		Release|Any CPU = Release|Any CPU
	EndGlobalSection
	GlobalSection(ProjectConfigurationPlatforms) = postSolution
		{DD45C6FC-DA78-4515-961E-9E73BD36B372}.Debug|Any CPU.ActiveCfg = Debug|Any CPU
		{DD45C6FC-DA78-4515-961E-9E73BD36B372}.Debug|Any CPU.Build.0 = Debug|Any CPU
		{DD45C6FC-DA78-4515-961E-9E73BD36B372}.Release|Any CPU.ActiveCfg = Release|Any CPU
		{DD45C6FC-DA78-4515-961E-9E73BD36B372}.Release|Any CPU.Build.0 = Release|Any CPU
		{453DA9FC-05CB-4883-8662-32862D1AAB36}.Debug|Any CPU.ActiveCfg = Debug|Any CPU
		{453DA9FC-05CB-4883-8662-32862D1AAB36}.Debug|Any CPU.Build.0 = Debug|Any CPU
		{453DA9FC-05CB-4883-8662-32862D1AAB36}.Release|Any CPU.ActiveCfg = Release|Any CPU
		{453DA9FC-05CB-4883-8662-32862D1AAB36}.Release|Any CPU.Build.0 = Release|Any CPU
	EndGlobalSection
	GlobalSection(SolutionProperties) = preSolution
		HideSolutionNode = FALSE
	EndGlobalSection
	GlobalSection(ExtensibilityGlobals) = postSolution
		SolutionGuid = {CE30EE59-F09D-41D1-BEC2-E37E7770C229}
	EndGlobalSection
EndGlobal
